DEPENDENCIES
  rsc_remote_recipe
    path: .
    metadata: true

GRAPH
  build-essential (8.0.0)
    mingw (>= 1.1)
    seven_zip (>= 0.0.0)
  mingw (2.0.0)
    seven_zip (>= 0.0.0)
  ohai (5.0.0)
  rsc_remote_recipe (10.1.2)
    build-essential (>= 0.0.0)
  seven_zip (2.0.2)
    windows (>= 1.2.2)
  windows (3.0.0)
    ohai (>= 4.0.0)
